
Microsoft Visual Studio Solution File, Format Version 12.00
# Visual Studio 2012
Project("{FAE04EC0-301F-11D3-BF4B-00C04F79EFBC}") = "CapaPresentacion", "CapaPresentacion\CapaPresentacion.csproj", "{20F2733A-E7F3-4380-9F04-9A39FE8CC2D8}"
EndProject
Project("{FAE04EC0-301F-11D3-BF4B-00C04F79EFBC}") = "CapaDatosYNegocio", "CapaDatosYNegocio\CapaDatosYNegocio.csproj", "{AFE747BE-1E49-4666-8159-A5BADDB2BAB0}"
EndProject
Global
	GlobalSection(SolutionConfigurationPlatforms) = preSolution
		Debug|Any CPU = Debug|Any CPU
		Release|Any CPU = Release|Any CPU
	EndGlobalSection
	GlobalSection(ProjectConfigurationPlatforms) = postSolution
		{20F2733A-E7F3-4380-9F04-9A39FE8CC2D8}.Debug|Any CPU.ActiveCfg = Debug|Any CPU
		{20F2733A-E7F3-4380-9F04-9A39FE8CC2D8}.Debug|Any CPU.Build.0 = Debug|Any CPU
		{20F2733A-E7F3-4380-9F04-9A39FE8CC2D8}.Release|Any CPU.ActiveCfg = Release|Any CPU
		{20F2733A-E7F3-4380-9F04-9A39FE8CC2D8}.Release|Any CPU.Build.0 = Release|Any CPU
		{AFE747BE-1E49-4666-8159-A5BADDB2BAB0}.Debug|Any CPU.ActiveCfg = Debug|Any CPU
		{AFE747BE-1E49-4666-8159-A5BADDB2BAB0}.Debug|Any CPU.Build.0 = Debug|Any CPU
		{AFE747BE-1E49-4666-8159-A5BADDB2BAB0}.Release|Any CPU.ActiveCfg = Release|Any CPU
		{AFE747BE-1E49-4666-8159-A5BADDB2BAB0}.Release|Any CPU.Build.0 = Release|Any CPU
	EndGlobalSection
	GlobalSection(SolutionProperties) = preSolution
		HideSolutionNode = FALSE
	EndGlobalSection
EndGlobal
